
Microsoft Visual Studio Solution File, Format Version 12.00
# Visual Studio Version 17
VisualStudioVersion = 17.3.32819.101
MinimumVisualStudioVersion = 10.0.40219.1
Project("{FAE04EC0-301F-11D3-BF4B-00C04F79EFBC}") = "WebApplication5", "WebApplication5\WebApplication5.csproj", "{F031E517-E6D8-432D-865D-FE2C917AF009}"
EndProject
Global
	GlobalSection(SolutionConfigurationPlatforms) = preSolution
		Debug|Any CPU = Debug|Any CPU
		Release|Any CPU = Release|Any CPU
	EndGlobalSection
	GlobalSection(ProjectConfigurationPlatforms) = postSolution
		{F031E517-E6D8-432D-865D-FE2C917AF009}.Debug|Any CPU.ActiveCfg = Debug|Any CPU
		{F031E517-E6D8-432D-865D-FE2C917AF009}.Debug|Any CPU.Build.0 = Debug|Any CPU
		{F031E517-E6D8-432D-865D-FE2C917AF009}.Release|Any CPU.ActiveCfg = Release|Any CPU
		{F031E517-E6D8-432D-865D-FE2C917AF009}.Release|Any CPU.Build.0 = Release|Any CPU
	EndGlobalSection
	GlobalSection(SolutionProperties) = preSolution
		HideSolutionNode = FALSE
	EndGlobalSection
	GlobalSection(ExtensibilityGlobals) = postSolution
		SolutionGuid = {099CC213-A6D6-455D-BFAB-C1FFA98CE9F8}
	EndGlobalSection
EndGlobal
